
Microsoft Visual Studio Solution File, Format Version 10.00
# Visual Studio 2008
Project("{FAE04EC0-301F-11D3-BF4B-00C04F79EFBC}") = "CacooOAuthSample", "OAuthSample\CacooOAuthSample.csproj", "{14C2570B-67EF-45C8-A6CD-CED8C8D9E3B1}"
EndProject
Project("{FAE04EC0-301F-11D3-BF4B-00C04F79EFBC}") = "OAuth", "OAuth\OAuth.csproj", "{69BA1A80-B616-494E-8213-2C94C7710F5C}"
EndProject
Project("{FAE04EC0-301F-11D3-BF4B-00C04F79EFBC}") = "CacooOAuthGetAccessToken", "OAuthGetAccessToken\CacooOAuthGetAccessToken.csproj", "{B056B1C4-25BD-403A-A26B-DF187068F680}"
EndProject
Global
	GlobalSection(SolutionConfigurationPlatforms) = preSolution
		Debug|Any CPU = Debug|Any CPU
		Release|Any CPU = Release|Any CPU
	EndGlobalSection
	GlobalSection(ProjectConfigurationPlatforms) = postSolution
		{14C2570B-67EF-45C8-A6CD-CED8C8D9E3B1}.Debug|Any CPU.ActiveCfg = Debug|Any CPU
		{14C2570B-67EF-45C8-A6CD-CED8C8D9E3B1}.Debug|Any CPU.Build.0 = Debug|Any CPU
		{14C2570B-67EF-45C8-A6CD-CED8C8D9E3B1}.Release|Any CPU.ActiveCfg = Release|Any CPU
		{14C2570B-67EF-45C8-A6CD-CED8C8D9E3B1}.Release|Any CPU.Build.0 = Release|Any CPU
		{69BA1A80-B616-494E-8213-2C94C7710F5C}.Debug|Any CPU.ActiveCfg = Debug|Any CPU
		{69BA1A80-B616-494E-8213-2C94C7710F5C}.Debug|Any CPU.Build.0 = Debug|Any CPU
		{69BA1A80-B616-494E-8213-2C94C7710F5C}.Release|Any CPU.ActiveCfg = Release|Any CPU
		{69BA1A80-B616-494E-8213-2C94C7710F5C}.Release|Any CPU.Build.0 = Release|Any CPU
		{B056B1C4-25BD-403A-A26B-DF187068F680}.Debug|Any CPU.ActiveCfg = Debug|Any CPU
		{B056B1C4-25BD-403A-A26B-DF187068F680}.Debug|Any CPU.Build.0 = Debug|Any CPU
		{B056B1C4-25BD-403A-A26B-DF187068F680}.Release|Any CPU.ActiveCfg = Release|Any CPU
		{B056B1C4-25BD-403A-A26B-DF187068F680}.Release|Any CPU.Build.0 = Release|Any CPU
	EndGlobalSection
	GlobalSection(SolutionProperties) = preSolution
		HideSolutionNode = FALSE
	EndGlobalSection
EndGlobal
